
Microsoft Visual Studio Solution File, Format Version 12.00
# Visual Studio 2012
Project("{8BC9CEB8-8B4A-11D0-8D11-00A0C91BC942}") = "Game_Of_Life", "D:\Collin College\2015 Spring\INEW2330\Working Project File\20150501\Game_Of_Life_20150501\Game_Of_Life.vcxproj", "{FAAFD0E2-47AF-4312-AAD4-6E6BCCF450C5}"
EndProject
Global
	GlobalSection(SolutionConfigurationPlatforms) = preSolution
		Debug|Win32 = Debug|Win32
		Release|Win32 = Release|Win32
	EndGlobalSection
	GlobalSection(ProjectConfigurationPlatforms) = postSolution
		{FAAFD0E2-47AF-4312-AAD4-6E6BCCF450C5}.Debug|Win32.ActiveCfg = Debug|Win32
		{FAAFD0E2-47AF-4312-AAD4-6E6BCCF450C5}.Debug|Win32.Build.0 = Debug|Win32
		{FAAFD0E2-47AF-4312-AAD4-6E6BCCF450C5}.Release|Win32.ActiveCfg = Release|Win32
		{FAAFD0E2-47AF-4312-AAD4-6E6BCCF450C5}.Release|Win32.Build.0 = Release|Win32
	EndGlobalSection
	GlobalSection(SolutionProperties) = preSolution
		HideSolutionNode = FALSE
	EndGlobalSection
EndGlobal
